
Microsoft Visual Studio Solution File, Format Version 12.00
# Visual Studio Version 17
VisualStudioVersion = 17.4.33122.133
MinimumVisualStudioVersion = 10.0.40219.1
Project("{FAE04EC0-301F-11D3-BF4B-00C04F79EFBC}") = "StartWaterpump", "StartWaterpump\StartWaterpump.csproj", "{F07B7B57-1D75-4FA5-AE03-3AAB5803391E}"
EndProject
Project("{FAE04EC0-301F-11D3-BF4B-00C04F79EFBC}") = "WaterpumpUwpApp", "WaterpumpUwpApp\WaterpumpUwpApp.csproj", "{43B24AAD-4D0F-49D6-A0EC-4FF94EE55096}"
EndProject
Project("{FAE04EC0-301F-11D3-BF4B-00C04F79EFBC}") = "WaterpumpUwpUpdater", "WaterpumpUwpUpdater\WaterpumpUwpUpdater.csproj", "{34EB9F9D-5112-4B34-8909-6E3BC5ADCB25}"
EndProject
Project("{9A19103F-16F7-4668-BE54-9A1E7A4F7556}") = "DeviceStateWeb", "DeviceStateWeb\DeviceStateWeb.csproj", "{0DD81C8F-8D7B-4A2B-8F6B-DAFF2D7AE24B}"
EndProject
Global
	GlobalSection(SolutionConfigurationPlatforms) = preSolution
		Debug|Any CPU = Debug|Any CPU
		Debug|ARM = Debug|ARM
		Debug|ARM64 = Debug|ARM64
		Debug|x64 = Debug|x64
		Debug|x86 = Debug|x86
		Release|Any CPU = Release|Any CPU
		Release|ARM = Release|ARM
		Release|ARM64 = Release|ARM64
		Release|x64 = Release|x64
		Release|x86 = Release|x86
	EndGlobalSection
	GlobalSection(ProjectConfigurationPlatforms) = postSolution
		{F07B7B57-1D75-4FA5-AE03-3AAB5803391E}.Debug|Any CPU.ActiveCfg = Debug|Any CPU
		{F07B7B57-1D75-4FA5-AE03-3AAB5803391E}.Debug|Any CPU.Build.0 = Debug|Any CPU
		{F07B7B57-1D75-4FA5-AE03-3AAB5803391E}.Debug|ARM.ActiveCfg = Debug|Any CPU
		{F07B7B57-1D75-4FA5-AE03-3AAB5803391E}.Debug|ARM.Build.0 = Debug|Any CPU
		{F07B7B57-1D75-4FA5-AE03-3AAB5803391E}.Debug|ARM64.ActiveCfg = Debug|Any CPU
		{F07B7B57-1D75-4FA5-AE03-3AAB5803391E}.Debug|ARM64.Build.0 = Debug|Any CPU
		{F07B7B57-1D75-4FA5-AE03-3AAB5803391E}.Debug|x64.ActiveCfg = Debug|Any CPU
		{F07B7B57-1D75-4FA5-AE03-3AAB5803391E}.Debug|x64.Build.0 = Debug|Any CPU
		{F07B7B57-1D75-4FA5-AE03-3AAB5803391E}.Debug|x86.ActiveCfg = Debug|Any CPU
		{F07B7B57-1D75-4FA5-AE03-3AAB5803391E}.Debug|x86.Build.0 = Debug|Any CPU
		{F07B7B57-1D75-4FA5-AE03-3AAB5803391E}.Release|Any CPU.ActiveCfg = Release|Any CPU
		{F07B7B57-1D75-4FA5-AE03-3AAB5803391E}.Release|Any CPU.Build.0 = Release|Any CPU
		{F07B7B57-1D75-4FA5-AE03-3AAB5803391E}.Release|ARM.ActiveCfg = Release|Any CPU
		{F07B7B57-1D75-4FA5-AE03-3AAB5803391E}.Release|ARM.Build.0 = Release|Any CPU
		{F07B7B57-1D75-4FA5-AE03-3AAB5803391E}.Release|ARM64.ActiveCfg = Release|Any CPU
		{F07B7B57-1D75-4FA5-AE03-3AAB5803391E}.Release|ARM64.Build.0 = Release|Any CPU
		{F07B7B57-1D75-4FA5-AE03-3AAB5803391E}.Release|x64.ActiveCfg = Release|Any CPU
		{F07B7B57-1D75-4FA5-AE03-3AAB5803391E}.Release|x64.Build.0 = Release|Any CPU
		{F07B7B57-1D75-4FA5-AE03-3AAB5803391E}.Release|x86.ActiveCfg = Release|Any CPU
		{F07B7B57-1D75-4FA5-AE03-3AAB5803391E}.Release|x86.Build.0 = Release|Any CPU
		{43B24AAD-4D0F-49D6-A0EC-4FF94EE55096}.Debug|Any CPU.ActiveCfg = Debug|x86
		{43B24AAD-4D0F-49D6-A0EC-4FF94EE55096}.Debug|ARM.ActiveCfg = Debug|ARM
		{43B24AAD-4D0F-49D6-A0EC-4FF94EE55096}.Debug|ARM.Build.0 = Debug|ARM
		{43B24AAD-4D0F-49D6-A0EC-4FF94EE55096}.Debug|ARM.Deploy.0 = Debug|ARM
		{43B24AAD-4D0F-49D6-A0EC-4FF94EE55096}.Debug|ARM64.ActiveCfg = Debug|ARM64
		{43B24AAD-4D0F-49D6-A0EC-4FF94EE55096}.Debug|ARM64.Build.0 = Debug|ARM64
		{43B24AAD-4D0F-49D6-A0EC-4FF94EE55096}.Debug|ARM64.Deploy.0 = Debug|ARM64
		{43B24AAD-4D0F-49D6-A0EC-4FF94EE55096}.Debug|x64.ActiveCfg = Debug|x64
		{43B24AAD-4D0F-49D6-A0EC-4FF94EE55096}.Debug|x64.Build.0 = Debug|x64
		{43B24AAD-4D0F-49D6-A0EC-4FF94EE55096}.Debug|x64.Deploy.0 = Debug|x64
		{43B24AAD-4D0F-49D6-A0EC-4FF94EE55096}.Debug|x86.ActiveCfg = Debug|x86
		{43B24AAD-4D0F-49D6-A0EC-4FF94EE55096}.Debug|x86.Build.0 = Debug|x86
		{43B24AAD-4D0F-49D6-A0EC-4FF94EE55096}.Debug|x86.Deploy.0 = Debug|x86
		{43B24AAD-4D0F-49D6-A0EC-4FF94EE55096}.Release|Any CPU.ActiveCfg = Release|x86
		{43B24AAD-4D0F-49D6-A0EC-4FF94EE55096}.Release|ARM.ActiveCfg = Release|ARM
		{43B24AAD-4D0F-49D6-A0EC-4FF94EE55096}.Release|ARM.Build.0 = Release|ARM
		{43B24AAD-4D0F-49D6-A0EC-4FF94EE55096}.Release|ARM.Deploy.0 = Release|ARM
		{43B24AAD-4D0F-49D6-A0EC-4FF94EE55096}.Release|ARM64.ActiveCfg = Release|ARM64
		{43B24AAD-4D0F-49D6-A0EC-4FF94EE55096}.Release|ARM64.Build.0 = Release|ARM64
		{43B24AAD-4D0F-49D6-A0EC-4FF94EE55096}.Release|ARM64.Deploy.0 = Release|ARM64
		{43B24AAD-4D0F-49D6-A0EC-4FF94EE55096}.Release|x64.ActiveCfg = Release|x64
		{43B24AAD-4D0F-49D6-A0EC-4FF94EE55096}.Release|x64.Build.0 = Release|x64
		{43B24AAD-4D0F-49D6-A0EC-4FF94EE55096}.Release|x64.Deploy.0 = Release|x64
		{43B24AAD-4D0F-49D6-A0EC-4FF94EE55096}.Release|x86.ActiveCfg = Release|x86
		{43B24AAD-4D0F-49D6-A0EC-4FF94EE55096}.Release|x86.Build.0 = Release|x86
		{43B24AAD-4D0F-49D6-A0EC-4FF94EE55096}.Release|x86.Deploy.0 = Release|x86
		{34EB9F9D-5112-4B34-8909-6E3BC5ADCB25}.Debug|Any CPU.ActiveCfg = Debug|Any CPU
		{34EB9F9D-5112-4B34-8909-6E3BC5ADCB25}.Debug|Any CPU.Build.0 = Debug|Any CPU
		{34EB9F9D-5112-4B34-8909-6E3BC5ADCB25}.Debug|ARM.ActiveCfg = Debug|ARM
		{34EB9F9D-5112-4B34-8909-6E3BC5ADCB25}.Debug|ARM.Build.0 = Debug|ARM
		{34EB9F9D-5112-4B34-8909-6E3BC5ADCB25}.Debug|ARM64.ActiveCfg = Debug|ARM64
		{34EB9F9D-5112-4B34-8909-6E3BC5ADCB25}.Debug|ARM64.Build.0 = Debug|ARM64
		{34EB9F9D-5112-4B34-8909-6E3BC5ADCB25}.Debug|x64.ActiveCfg = Debug|x64
		{34EB9F9D-5112-4B34-8909-6E3BC5ADCB25}.Debug|x64.Build.0 = Debug|x64
		{34EB9F9D-5112-4B34-8909-6E3BC5ADCB25}.Debug|x86.ActiveCfg = Debug|x86
		{34EB9F9D-5112-4B34-8909-6E3BC5ADCB25}.Debug|x86.Build.0 = Debug|x86
		{34EB9F9D-5112-4B34-8909-6E3BC5ADCB25}.Release|Any CPU.ActiveCfg = Release|Any CPU
		{34EB9F9D-5112-4B34-8909-6E3BC5ADCB25}.Release|Any CPU.Build.0 = Release|Any CPU
		{34EB9F9D-5112-4B34-8909-6E3BC5ADCB25}.Release|ARM.ActiveCfg = Release|ARM
		{34EB9F9D-5112-4B34-8909-6E3BC5ADCB25}.Release|ARM.Build.0 = Release|ARM
		{34EB9F9D-5112-4B34-8909-6E3BC5ADCB25}.Release|ARM64.ActiveCfg = Release|ARM64
		{34EB9F9D-5112-4B34-8909-6E3BC5ADCB25}.Release|ARM64.Build.0 = Release|ARM64
		{34EB9F9D-5112-4B34-8909-6E3BC5ADCB25}.Release|x64.ActiveCfg = Release|x64
		{34EB9F9D-5112-4B34-8909-6E3BC5ADCB25}.Release|x64.Build.0 = Release|x64
		{34EB9F9D-5112-4B34-8909-6E3BC5ADCB25}.Release|x86.ActiveCfg = Release|x86
		{34EB9F9D-5112-4B34-8909-6E3BC5ADCB25}.Release|x86.Build.0 = Release|x86
		{0DD81C8F-8D7B-4A2B-8F6B-DAFF2D7AE24B}.Debug|Any CPU.ActiveCfg = Debug|Any CPU
		{0DD81C8F-8D7B-4A2B-8F6B-DAFF2D7AE24B}.Debug|Any CPU.Build.0 = Debug|Any CPU
		{0DD81C8F-8D7B-4A2B-8F6B-DAFF2D7AE24B}.Debug|ARM.ActiveCfg = Debug|Any CPU
		{0DD81C8F-8D7B-4A2B-8F6B-DAFF2D7AE24B}.Debug|ARM.Build.0 = Debug|Any CPU
		{0DD81C8F-8D7B-4A2B-8F6B-DAFF2D7AE24B}.Debug|ARM64.ActiveCfg = Debug|Any CPU
		{0DD81C8F-8D7B-4A2B-8F6B-DAFF2D7AE24B}.Debug|ARM64.Build.0 = Debug|Any CPU
		{0DD81C8F-8D7B-4A2B-8F6B-DAFF2D7AE24B}.Debug|x64.ActiveCfg = Debug|Any CPU
		{0DD81C8F-8D7B-4A2B-8F6B-DAFF2D7AE24B}.Debug|x64.Build.0 = Debug|Any CPU
		{0DD81C8F-8D7B-4A2B-8F6B-DAFF2D7AE24B}.Debug|x86.ActiveCfg = Debug|Any CPU
		{0DD81C8F-8D7B-4A2B-8F6B-DAFF2D7AE24B}.Debug|x86.Build.0 = Debug|Any CPU
		{0DD81C8F-8D7B-4A2B-8F6B-DAFF2D7AE24B}.Release|Any CPU.ActiveCfg = Release|Any CPU
		{0DD81C8F-8D7B-4A2B-8F6B-DAFF2D7AE24B}.Release|Any CPU.Build.0 = Release|Any CPU
		{0DD81C8F-8D7B-4A2B-8F6B-DAFF2D7AE24B}.Release|ARM.ActiveCfg = Release|Any CPU
		{0DD81C8F-8D7B-4A2B-8F6B-DAFF2D7AE24B}.Release|ARM.Build.0 = Release|Any CPU
		{0DD81C8F-8D7B-4A2B-8F6B-DAFF2D7AE24B}.Release|ARM64.ActiveCfg = Release|Any CPU
		{0DD81C8F-8D7B-4A2B-8F6B-DAFF2D7AE24B}.Release|ARM64.Build.0 = Release|Any CPU
		{0DD81C8F-8D7B-4A2B-8F6B-DAFF2D7AE24B}.Release|x64.ActiveCfg = Release|Any CPU
		{0DD81C8F-8D7B-4A2B-8F6B-DAFF2D7AE24B}.Release|x64.Build.0 = Release|Any CPU
		{0DD81C8F-8D7B-4A2B-8F6B-DAFF2D7AE24B}.Release|x86.ActiveCfg = Release|Any CPU
		{0DD81C8F-8D7B-4A2B-8F6B-DAFF2D7AE24B}.Release|x86.Build.0 = Release|Any CPU
	EndGlobalSection
	GlobalSection(SolutionProperties) = preSolution
		HideSolutionNode = FALSE
	EndGlobalSection
	GlobalSection(ExtensibilityGlobals) = postSolution
		SolutionGuid = {77DCBEDB-07F0-46F3-AF86-305F4F610D89}
	EndGlobalSection
EndGlobal
